
Microsoft Visual Studio Solution File, Format Version 12.00
Project("{FAE04EC0-301F-11D3-BF4B-00C04F79EFBC}") = "FactoryMethod.Conceptual", "01_Creational_Patterns\01_FactoryMethod\FactoryMethod.Conceptual\FactoryMethod.Conceptual.csproj", "{3237F9ED-B287-46CD-AE52-A199A7978825}"
EndProject
Project("{FAE04EC0-301F-11D3-BF4B-00C04F79EFBC}") = "FactoryMethod.RealWorld", "01_Creational_Patterns\01_FactoryMethod\FactoryMethod.RealWorld\FactoryMethod.RealWorld.csproj", "{F96BBC53-CBBA-4B1C-9E90-851AF82C131E}"
EndProject
Project("{FAE04EC0-301F-11D3-BF4B-00C04F79EFBC}") = "AbstractFactory.Conceptual", "01_Creational_Patterns\02_AbstractFactory\AbstractFactory.Conceptual\AbstractFactory.Conceptual.csproj", "{719DBDAF-6660-4CF5-9554-CF4F7E20C050}"
EndProject
Project("{FAE04EC0-301F-11D3-BF4B-00C04F79EFBC}") = "AbstractFactory.RealWorld", "01_Creational_Patterns\02_AbstractFactory\AbstractFactory.RealWorld\AbstractFactory.RealWorld.csproj", "{9A1B2347-B90A-465E-B4C8-7D67B95F7902}"
EndProject
Project("{FAE04EC0-301F-11D3-BF4B-00C04F79EFBC}") = "Builder.Conceptual", "01_Creational_Patterns\03_Builder\Builder.Conceptual\Builder.Conceptual.csproj", "{1C7EB0B6-D4F1-4248-A813-694543E6B36A}"
EndProject
Project("{FAE04EC0-301F-11D3-BF4B-00C04F79EFBC}") = "Builder.RealWorld", "01_Creational_Patterns\03_Builder\Builder.RealWorld\Builder.RealWorld.csproj", "{5C324F5B-DD51-4C09-B514-8FE69BF27EF3}"
EndProject
Project("{FAE04EC0-301F-11D3-BF4B-00C04F79EFBC}") = "Prototype.Conceptual", "01_Creational_Patterns\04_Prototype\Prototype.Conceptual\Prototype.Conceptual.csproj", "{CF25E3CD-2011-422C-B0B1-723115BF367A}"
EndProject
Project("{FAE04EC0-301F-11D3-BF4B-00C04F79EFBC}") = "Prototype.RealWorld", "01_Creational_Patterns\04_Prototype\Prototype.RealWorld\Prototype.RealWorld.csproj", "{2A82F766-312E-4F70-A8D5-CF1BD5CEDFA8}"
EndProject
Project("{FAE04EC0-301F-11D3-BF4B-00C04F79EFBC}") = "Singleton.Conceptual", "01_Creational_Patterns\05_Singleton\Singleton.Conceptual\Singleton.Conceptual.csproj", "{29766A1F-F895-48AC-B8C6-31C9F33BEE04}"
EndProject
Project("{FAE04EC0-301F-11D3-BF4B-00C04F79EFBC}") = "Singleton.RealWorld", "01_Creational_Patterns\05_Singleton\Singleton.RealWorld\Singleton.RealWorld.csproj", "{4BD51CC0-F91C-438F-83DB-053271B2BCA1}"
EndProject
Project("{FAE04EC0-301F-11D3-BF4B-00C04F79EFBC}") = "Adapter.Conceptual", "02_Structural_Patterns\01_Adapter\Adapter.Conceptual\Adapter.Conceptual.csproj", "{8FAB5490-58A0-47D1-80C5-F46561AF8AEB}"
EndProject
Project("{FAE04EC0-301F-11D3-BF4B-00C04F79EFBC}") = "Adapter.RealWorld", "02_Structural_Patterns\01_Adapter\Adapter.RealWorld\Adapter.RealWorld.csproj", "{507ABA97-6429-4814-A9FC-8401BCB9A853}"
EndProject
Global
	GlobalSection(SolutionConfigurationPlatforms) = preSolution
		Debug|Any CPU = Debug|Any CPU
		Release|Any CPU = Release|Any CPU
	EndGlobalSection
	GlobalSection(ProjectConfigurationPlatforms) = postSolution
		{3237F9ED-B287-46CD-AE52-A199A7978825}.Debug|Any CPU.ActiveCfg = Debug|Any CPU
		{3237F9ED-B287-46CD-AE52-A199A7978825}.Debug|Any CPU.Build.0 = Debug|Any CPU
		{3237F9ED-B287-46CD-AE52-A199A7978825}.Release|Any CPU.ActiveCfg = Release|Any CPU
		{3237F9ED-B287-46CD-AE52-A199A7978825}.Release|Any CPU.Build.0 = Release|Any CPU
		{F96BBC53-CBBA-4B1C-9E90-851AF82C131E}.Debug|Any CPU.ActiveCfg = Debug|Any CPU
		{F96BBC53-CBBA-4B1C-9E90-851AF82C131E}.Debug|Any CPU.Build.0 = Debug|Any CPU
		{F96BBC53-CBBA-4B1C-9E90-851AF82C131E}.Release|Any CPU.ActiveCfg = Release|Any CPU
		{F96BBC53-CBBA-4B1C-9E90-851AF82C131E}.Release|Any CPU.Build.0 = Release|Any CPU
		{719DBDAF-6660-4CF5-9554-CF4F7E20C050}.Debug|Any CPU.ActiveCfg = Debug|Any CPU
		{719DBDAF-6660-4CF5-9554-CF4F7E20C050}.Debug|Any CPU.Build.0 = Debug|Any CPU
		{719DBDAF-6660-4CF5-9554-CF4F7E20C050}.Release|Any CPU.ActiveCfg = Release|Any CPU
		{719DBDAF-6660-4CF5-9554-CF4F7E20C050}.Release|Any CPU.Build.0 = Release|Any CPU
		{9A1B2347-B90A-465E-B4C8-7D67B95F7902}.Debug|Any CPU.ActiveCfg = Debug|Any CPU
		{9A1B2347-B90A-465E-B4C8-7D67B95F7902}.Debug|Any CPU.Build.0 = Debug|Any CPU
		{9A1B2347-B90A-465E-B4C8-7D67B95F7902}.Release|Any CPU.ActiveCfg = Release|Any CPU
		{9A1B2347-B90A-465E-B4C8-7D67B95F7902}.Release|Any CPU.Build.0 = Release|Any CPU
		{1C7EB0B6-D4F1-4248-A813-694543E6B36A}.Debug|Any CPU.ActiveCfg = Debug|Any CPU
		{1C7EB0B6-D4F1-4248-A813-694543E6B36A}.Debug|Any CPU.Build.0 = Debug|Any CPU
		{1C7EB0B6-D4F1-4248-A813-694543E6B36A}.Release|Any CPU.ActiveCfg = Release|Any CPU
		{1C7EB0B6-D4F1-4248-A813-694543E6B36A}.Release|Any CPU.Build.0 = Release|Any CPU
		{5C324F5B-DD51-4C09-B514-8FE69BF27EF3}.Debug|Any CPU.ActiveCfg = Debug|Any CPU
		{5C324F5B-DD51-4C09-B514-8FE69BF27EF3}.Debug|Any CPU.Build.0 = Debug|Any CPU
		{5C324F5B-DD51-4C09-B514-8FE69BF27EF3}.Release|Any CPU.ActiveCfg = Release|Any CPU
		{5C324F5B-DD51-4C09-B514-8FE69BF27EF3}.Release|Any CPU.Build.0 = Release|Any CPU
		{CF25E3CD-2011-422C-B0B1-723115BF367A}.Debug|Any CPU.ActiveCfg = Debug|Any CPU
		{CF25E3CD-2011-422C-B0B1-723115BF367A}.Debug|Any CPU.Build.0 = Debug|Any CPU
		{CF25E3CD-2011-422C-B0B1-723115BF367A}.Release|Any CPU.ActiveCfg = Release|Any CPU
		{CF25E3CD-2011-422C-B0B1-723115BF367A}.Release|Any CPU.Build.0 = Release|Any CPU
		{2A82F766-312E-4F70-A8D5-CF1BD5CEDFA8}.Debug|Any CPU.ActiveCfg = Debug|Any CPU
		{2A82F766-312E-4F70-A8D5-CF1BD5CEDFA8}.Debug|Any CPU.Build.0 = Debug|Any CPU
		{2A82F766-312E-4F70-A8D5-CF1BD5CEDFA8}.Release|Any CPU.ActiveCfg = Release|Any CPU
		{2A82F766-312E-4F70-A8D5-CF1BD5CEDFA8}.Release|Any CPU.Build.0 = Release|Any CPU
		{29766A1F-F895-48AC-B8C6-31C9F33BEE04}.Debug|Any CPU.ActiveCfg = Debug|Any CPU
		{29766A1F-F895-48AC-B8C6-31C9F33BEE04}.Debug|Any CPU.Build.0 = Debug|Any CPU
		{29766A1F-F895-48AC-B8C6-31C9F33BEE04}.Release|Any CPU.ActiveCfg = Release|Any CPU
		{29766A1F-F895-48AC-B8C6-31C9F33BEE04}.Release|Any CPU.Build.0 = Release|Any CPU
		{4BD51CC0-F91C-438F-83DB-053271B2BCA1}.Debug|Any CPU.ActiveCfg = Debug|Any CPU
		{4BD51CC0-F91C-438F-83DB-053271B2BCA1}.Debug|Any CPU.Build.0 = Debug|Any CPU
		{4BD51CC0-F91C-438F-83DB-053271B2BCA1}.Release|Any CPU.ActiveCfg = Release|Any CPU
		{4BD51CC0-F91C-438F-83DB-053271B2BCA1}.Release|Any CPU.Build.0 = Release|Any CPU
		{8FAB5490-58A0-47D1-80C5-F46561AF8AEB}.Debug|Any CPU.ActiveCfg = Debug|Any CPU
		{8FAB5490-58A0-47D1-80C5-F46561AF8AEB}.Debug|Any CPU.Build.0 = Debug|Any CPU
		{8FAB5490-58A0-47D1-80C5-F46561AF8AEB}.Release|Any CPU.ActiveCfg = Release|Any CPU
		{8FAB5490-58A0-47D1-80C5-F46561AF8AEB}.Release|Any CPU.Build.0 = Release|Any CPU
		{507ABA97-6429-4814-A9FC-8401BCB9A853}.Debug|Any CPU.ActiveCfg = Debug|Any CPU
		{507ABA97-6429-4814-A9FC-8401BCB9A853}.Debug|Any CPU.Build.0 = Debug|Any CPU
		{507ABA97-6429-4814-A9FC-8401BCB9A853}.Release|Any CPU.ActiveCfg = Release|Any CPU
		{507ABA97-6429-4814-A9FC-8401BCB9A853}.Release|Any CPU.Build.0 = Release|Any CPU
	EndGlobalSection
	GlobalSection(NestedProjects) = preSolution
	EndGlobalSection
EndGlobal
